
Microsoft Visual Studio Solution File, Format Version 12.00
# Visual Studio Version 17
VisualStudioVersion = 17.9.34728.123
MinimumVisualStudioVersion = 10.0.40219.1
Project("{FAE04EC0-301F-11D3-BF4B-00C04F79EFBC}") = "Sage", "Sage\Sage.csproj", "{C985D4AF-9FFD-4628-BDFE-D322BB78D6BC}"
EndProject
Global
	GlobalSection(SolutionConfigurationPlatforms) = preSolution
		Debug|Any CPU = Debug|Any CPU
		Release|Any CPU = Release|Any CPU
	EndGlobalSection
	GlobalSection(ProjectConfigurationPlatforms) = postSolution
		{C985D4AF-9FFD-4628-BDFE-D322BB78D6BC}.Debug|Any CPU.ActiveCfg = Debug|Any CPU
		{C985D4AF-9FFD-4628-BDFE-D322BB78D6BC}.Debug|Any CPU.Build.0 = Debug|Any CPU
		{C985D4AF-9FFD-4628-BDFE-D322BB78D6BC}.Release|Any CPU.ActiveCfg = Release|Any CPU
		{C985D4AF-9FFD-4628-BDFE-D322BB78D6BC}.Release|Any CPU.Build.0 = Release|Any CPU
	EndGlobalSection
	GlobalSection(SolutionProperties) = preSolution
		HideSolutionNode = FALSE
	EndGlobalSection
	GlobalSection(ExtensibilityGlobals) = postSolution
		SolutionGuid = {FD7C4C64-B385-4BEF-BEC1-0A4ADCC425FA}
	EndGlobalSection
EndGlobal
